
Microsoft Visual Studio Solution File, Format Version 12.00
# Visual Studio Version 17
VisualStudioVersion = 17.0.32126.317
MinimumVisualStudioVersion = 10.0.40219.1
Project("{9A19103F-16F7-4668-BE54-9A1E7A4F7556}") = "ConferenciaLoteriaConsole", "ConferenciaLoteriaConsole\ConferenciaLoteriaConsole.csproj", "{493375A5-CBDD-46F9-B918-AE9D6F99B94D}"
EndProject
Project("{9A19103F-16F7-4668-BE54-9A1E7A4F7556}") = "ConferenciaLoteriaWeb", "ConferenciaLoteriaWeb\ConferenciaLoteriaWeb.csproj", "{F07DF7AD-B9E0-4369-B01B-415BD627703C}"
EndProject
Global
	GlobalSection(SolutionConfigurationPlatforms) = preSolution
		Debug|Any CPU = Debug|Any CPU
		Release|Any CPU = Release|Any CPU
	EndGlobalSection
	GlobalSection(ProjectConfigurationPlatforms) = postSolution
		{493375A5-CBDD-46F9-B918-AE9D6F99B94D}.Debug|Any CPU.ActiveCfg = Debug|Any CPU
		{493375A5-CBDD-46F9-B918-AE9D6F99B94D}.Debug|Any CPU.Build.0 = Debug|Any CPU
		{493375A5-CBDD-46F9-B918-AE9D6F99B94D}.Release|Any CPU.ActiveCfg = Release|Any CPU
		{493375A5-CBDD-46F9-B918-AE9D6F99B94D}.Release|Any CPU.Build.0 = Release|Any CPU
		{F07DF7AD-B9E0-4369-B01B-415BD627703C}.Debug|Any CPU.ActiveCfg = Debug|Any CPU
		{F07DF7AD-B9E0-4369-B01B-415BD627703C}.Debug|Any CPU.Build.0 = Debug|Any CPU
		{F07DF7AD-B9E0-4369-B01B-415BD627703C}.Release|Any CPU.ActiveCfg = Release|Any CPU
		{F07DF7AD-B9E0-4369-B01B-415BD627703C}.Release|Any CPU.Build.0 = Release|Any CPU
	EndGlobalSection
	GlobalSection(SolutionProperties) = preSolution
		HideSolutionNode = FALSE
	EndGlobalSection
	GlobalSection(ExtensibilityGlobals) = postSolution
		SolutionGuid = {8ABBDAD9-D2DA-4B1D-9668-5FD03927A10C}
	EndGlobalSection
EndGlobal
